github.com/avct/uasurfer v0.0.0-20190308134847-43c6f9a90eeb h1:Y3aZuokc2y31S/oh04f5893WST38EefizkMaP4qS6DM=
github.com/avct/uasurfer v0.0.0-20190308134847-43c6f9a90eeb/go.mod h1:noBAuukeYOXa0aXGqxr24tADqkwDO2KRD15FsuaZ5a8=
github.com/davecgh/go-spew v1.1.0/go.mod h1:J7Y8YcW2NihsgmVo/mv3lAwl/skON4iLHjSsI+c5H38=
github.com/davecgh/go-spew v1.1.1 h1:vj9j/u1bqnvCEfJOwUhtlOARqs3+rkHYY13jYWTU97c=
github.com/davecgh/go-spew v1.1.1/go.mod h1:J7Y8YcW2NihsgmVo/mv3lAwl/skON4iLHjSsI+c5H38=
github.com/h2non/filetype v1.0.8 h1:le8gpf+FQA0/DlDABbtisA1KiTS0Xi+YSC/E8yY3Y14=
github.com/h2non/filetype v1.0.8/go.mod h1:isekKqOuhMj+s/7r3rIeTErIRy4Rub5uBWHfvMusLMU=
github.com/hako/durafmt v0.0.0-20190612201238-650ed9f29a84 h1:RvcDqcKLua4b/jtXez7ZVe9s6Iq5N6ujVevqY4FBQmM=
github.com/hako/durafmt v0.0.0-20190612201238-650ed9f29a84/go.mod h1:5Scbynm8dF1XAPwIwkGPqzkM/shndPm79Jd1003hTjE=
github.com/pmezard/go-difflib v1.0.0 h1:4DBwDE0NGyQoBHbLQYPwSUPoCMWR5BEzIk/f1lZbAQM=
github.com/pmezard/go-difflib v1.0.0/go.mod h1:iKH77koFhYxTK1pcRnkKkqfTogsbg7gZNVY4sRDYZ/4=
github.com/schollz/logger v1.0.1 h1:BuBAU+euqphM0Ny9qFVScl4RSxatis4nCHIkOxO2cUU=
github.com/schollz/logger v1.0.1/go.mod h1:P6F4/dGMGcx8wh+kG1zrNEd4vnNpEBY/mwEMd/vn6AM=
github.com/stretchr/objx v0.1.0/go.mod h1:HFkY916IF+rwdDfMAkV7OtwuqBVzrE8GR6GFx+wExME=
github.com/stretchr/testify v1.3.0 h1:TivCn/peBQ7UY8ooIcPgZFpTNSz0Q2U6UrFlUfqbe0Q=
github.com/stretchr/testify v1.3.0/go.mod h1:M5WIy9Dh21IEIfnGCwXGc5bZfKNJtfHm1UVUgZn+9EI=
